
Microsoft Visual Studio Solution File, Format Version 12.00
# Visual Studio Version 16
VisualStudioVersion = 16.0.28803.352
MinimumVisualStudioVersion = 10.0.40219.1
Project("{2150E333-8FDC-42A3-9474-1A3956D46DE8}") = "2-SDPST.Services", "2-SDPST.Services", "{C3A3755F-52D0-4529-881E-098C52A00F87}"
EndProject
Project("{2150E333-8FDC-42A3-9474-1A3956D46DE8}") = "3-SDPST.Domain", "3-SDPST.Domain", "{1D9DEBFF-67A1-4BF4-A656-172D367EFA75}"
EndProject
Project("{2150E333-8FDC-42A3-9474-1A3956D46DE8}") = "4-SDPST.Infrastructure", "4-SDPST.Infrastructure", "{44F55560-E793-40B7-B139-DDEFBD0D18FD}"
EndProject
Project("{9A19103F-16F7-4668-BE54-9A1E7A4F7556}") = "Domain", "Domain\Domain.csproj", "{3B0906AD-3C7B-4269-A1D1-40ECAD0C4FEA}"
EndProject
Project("{2150E333-8FDC-42A3-9474-1A3956D46DE8}") = "1-SDPST.WebApi", "1-SDPST.WebApi", "{62B90BEE-F1A2-4521-BCF7-9849A0663922}"
EndProject
Project("{9A19103F-16F7-4668-BE54-9A1E7A4F7556}") = "Infra", "Infra\Infra.csproj", "{6EC97610-797B-4D5E-A4EB-4748E3F0E1A6}"
EndProject
Project("{9A19103F-16F7-4668-BE54-9A1E7A4F7556}") = "Services", "Services\Services.csproj", "{778A5B1E-B0E2-47CC-B9B3-D5F72DDD1B02}"
EndProject
Project("{9A19103F-16F7-4668-BE54-9A1E7A4F7556}") = "Authenticate.Resource", "Authenticate.Resource\Authenticate.Resource.csproj", "{C981D0A3-2F57-4490-BDBC-A55318F6F2DC}"
EndProject
Project("{2150E333-8FDC-42A3-9474-1A3956D46DE8}") = "0-SDPST.Auth.Reso", "0-SDPST.Auth.Reso", "{E387DE5B-A7EB-46DA-A8C5-C58DA891E5E2}"
EndProject
Project("{9A19103F-16F7-4668-BE54-9A1E7A4F7556}") = "ApiSystemServer", "ApiSystemServer\ApiSystemServer.csproj", "{9D4AFFB9-4D76-492A-B583-0041000CB823}"
EndProject
Project("{FAE04EC0-301F-11D3-BF4B-00C04F79EFBC}") = "LoginFacebook", "LoginFacebook\LoginFacebook.csproj", "{6863CF26-E7CD-4A6D-85A4-6E5D733DF7CD}"
EndProject
Global
	GlobalSection(SolutionConfigurationPlatforms) = preSolution
		Debug|Any CPU = Debug|Any CPU
		Release|Any CPU = Release|Any CPU
	EndGlobalSection
	GlobalSection(ProjectConfigurationPlatforms) = postSolution
		{3B0906AD-3C7B-4269-A1D1-40ECAD0C4FEA}.Debug|Any CPU.ActiveCfg = Debug|Any CPU
		{3B0906AD-3C7B-4269-A1D1-40ECAD0C4FEA}.Debug|Any CPU.Build.0 = Debug|Any CPU
		{3B0906AD-3C7B-4269-A1D1-40ECAD0C4FEA}.Release|Any CPU.ActiveCfg = Release|Any CPU
		{3B0906AD-3C7B-4269-A1D1-40ECAD0C4FEA}.Release|Any CPU.Build.0 = Release|Any CPU
		{6EC97610-797B-4D5E-A4EB-4748E3F0E1A6}.Debug|Any CPU.ActiveCfg = Debug|Any CPU
		{6EC97610-797B-4D5E-A4EB-4748E3F0E1A6}.Debug|Any CPU.Build.0 = Debug|Any CPU
		{6EC97610-797B-4D5E-A4EB-4748E3F0E1A6}.Release|Any CPU.ActiveCfg = Release|Any CPU
		{6EC97610-797B-4D5E-A4EB-4748E3F0E1A6}.Release|Any CPU.Build.0 = Release|Any CPU
		{778A5B1E-B0E2-47CC-B9B3-D5F72DDD1B02}.Debug|Any CPU.ActiveCfg = Debug|Any CPU
		{778A5B1E-B0E2-47CC-B9B3-D5F72DDD1B02}.Debug|Any CPU.Build.0 = Debug|Any CPU
		{778A5B1E-B0E2-47CC-B9B3-D5F72DDD1B02}.Release|Any CPU.ActiveCfg = Release|Any CPU
		{778A5B1E-B0E2-47CC-B9B3-D5F72DDD1B02}.Release|Any CPU.Build.0 = Release|Any CPU
		{C981D0A3-2F57-4490-BDBC-A55318F6F2DC}.Debug|Any CPU.ActiveCfg = Debug|Any CPU
		{C981D0A3-2F57-4490-BDBC-A55318F6F2DC}.Debug|Any CPU.Build.0 = Debug|Any CPU
		{C981D0A3-2F57-4490-BDBC-A55318F6F2DC}.Release|Any CPU.ActiveCfg = Release|Any CPU
		{C981D0A3-2F57-4490-BDBC-A55318F6F2DC}.Release|Any CPU.Build.0 = Release|Any CPU
		{9D4AFFB9-4D76-492A-B583-0041000CB823}.Debug|Any CPU.ActiveCfg = Debug|Any CPU
		{9D4AFFB9-4D76-492A-B583-0041000CB823}.Debug|Any CPU.Build.0 = Debug|Any CPU
		{9D4AFFB9-4D76-492A-B583-0041000CB823}.Release|Any CPU.ActiveCfg = Release|Any CPU
		{9D4AFFB9-4D76-492A-B583-0041000CB823}.Release|Any CPU.Build.0 = Release|Any CPU
		{6863CF26-E7CD-4A6D-85A4-6E5D733DF7CD}.Debug|Any CPU.ActiveCfg = Debug|Any CPU
		{6863CF26-E7CD-4A6D-85A4-6E5D733DF7CD}.Debug|Any CPU.Build.0 = Debug|Any CPU
		{6863CF26-E7CD-4A6D-85A4-6E5D733DF7CD}.Release|Any CPU.ActiveCfg = Release|Any CPU
		{6863CF26-E7CD-4A6D-85A4-6E5D733DF7CD}.Release|Any CPU.Build.0 = Release|Any CPU
	EndGlobalSection
	GlobalSection(SolutionProperties) = preSolution
		HideSolutionNode = FALSE
	EndGlobalSection
	GlobalSection(NestedProjects) = preSolution
		{3B0906AD-3C7B-4269-A1D1-40ECAD0C4FEA} = {1D9DEBFF-67A1-4BF4-A656-172D367EFA75}
		{6EC97610-797B-4D5E-A4EB-4748E3F0E1A6} = {44F55560-E793-40B7-B139-DDEFBD0D18FD}
		{778A5B1E-B0E2-47CC-B9B3-D5F72DDD1B02} = {C3A3755F-52D0-4529-881E-098C52A00F87}
		{C981D0A3-2F57-4490-BDBC-A55318F6F2DC} = {E387DE5B-A7EB-46DA-A8C5-C58DA891E5E2}
		{9D4AFFB9-4D76-492A-B583-0041000CB823} = {62B90BEE-F1A2-4521-BCF7-9849A0663922}
		{6863CF26-E7CD-4A6D-85A4-6E5D733DF7CD} = {62B90BEE-F1A2-4521-BCF7-9849A0663922}
	EndGlobalSection
	GlobalSection(ExtensibilityGlobals) = postSolution
		SolutionGuid = {D5753F93-9FC9-4D83-B740-A75989F242C5}
	EndGlobalSection
EndGlobal
